// !$*UTF8*$!
{
	archiveVersion = 1;
	classes = {
	};
	objectVersion = 51;
	objects = {

/* Begin PBXBuildFile section */
		185320BB31B111CA5DE526CB /* Pods_BlueAR_BodyDetection.framework in Frameworks */ = {isa = PBXBuildFile; fileRef = 4CFB6AA0CF3B514292A336F1 /* Pods_BlueAR_BodyDetection.framework */; };
		2ECA9FC1231EAEF800846CA2 /* AppDelegate.swift in Sources */ = {isa = PBXBuildFile; fileRef = 2ECA9FC0231EAEF800846CA2 /* AppDelegate.swift */; };
		2ECA9FC3231EAEF800846CA2 /* ViewController.swift in Sources */ = {isa = PBXBuildFile; fileRef = 2ECA9FC2231EAEF800846CA2 /* ViewController.swift */; };
		2ECA9FC8231EAEF800846CA2 /* Main.storyboard in Resources */ = {isa = PBXBuildFile; fileRef = 2ECA9FC6231EAEF800846CA2 /* Main.storyboard */; };
		2ECA9FCA231EAEF900846CA2 /* Assets.xcassets in Resources */ = {isa = PBXBuildFile; fileRef = 2ECA9FC9231EAEF900846CA2 /* Assets.xcassets */; };
		2ECA9FCD231EAEF900846CA2 /* LaunchScreen.storyboard in Resources */ = {isa = PBXBuildFile; fileRef = 2ECA9FCB231EAEF900846CA2 /* LaunchScreen.storyboard */; };
		2ECA9FD5231EB00800846CA2 /* RoundedButton.swift in Sources */ = {isa = PBXBuildFile; fileRef = 2ECA9FD4231EB00800846CA2 /* RoundedButton.swift */; };
		2ECA9FD8231EB04800846CA2 /* character in Resources */ = {isa = PBXBuildFile; fileRef = 2ECA9FD7231EB04800846CA2 /* character */; };
		2ECA9FDA231EB38D00846CA2 /* Extensions.swift in Sources */ = {isa = PBXBuildFile; fileRef = 2ECA9FD9231EB38D00846CA2 /* Extensions.swift */; };
		2ECA9FDC231EB5F700846CA2 /* GoogleService-Info.plist in Resources */ = {isa = PBXBuildFile; fileRef = 2ECA9FDB231EB5F700846CA2 /* GoogleService-Info.plist */; };
		2ECA9FDF231EBCBA00846CA2 /* DownloadManager.swift in Sources */ = {isa = PBXBuildFile; fileRef = 2ECA9FDE231EBCBA00846CA2 /* DownloadManager.swift */; };
/* End PBXBuildFile section */

/* Begin PBXFileReference section */
		2ECA9FBD231EAEF800846CA2 /* BlueAR-BodyDetection.app */ = {isa = PBXFileReference; explicitFileType = wrapper.application; includeInIndex = 0; path = "BlueAR-BodyDetection.app"; sourceTree = BUILT_PRODUCTS_DIR; };
		2ECA9FC0231EAEF800846CA2 /* AppDelegate.swift */ = {isa = PBXFileReference; lastKnownFileType = sourcecode.swift; path = AppDelegate.swift; sourceTree = "<group>"; };
		2ECA9FC2231EAEF800846CA2 /* ViewController.swift */ = {isa = PBXFileReference; lastKnownFileType = sourcecode.swift; path = ViewController.swift; sourceTree = "<group>"; };
		2ECA9FC7231EAEF800846CA2 /* Base */ = {isa = PBXFileReference; lastKnownFileType = file.storyboard; name = Base; path = Base.lproj/Main.storyboard; sourceTree = "<group>"; };
		2ECA9FC9231EAEF900846CA2 /* Assets.xcassets */ = {isa = PBXFileReference; lastKnownFileType = folder.assetcatalog; path = Assets.xcassets; sourceTree = "<group>"; };
		2ECA9FCC231EAEF900846CA2 /* Base */ = {isa = PBXFileReference; lastKnownFileType = file.storyboard; name = Base; path = Base.lproj/LaunchScreen.storyboard; sourceTree = "<group>"; };
		2ECA9FCE231EAEF900846CA2 /* Info.plist */ = {isa = PBXFileReference; lastKnownFileType = text.plist.xml; path = Info.plist; sourceTree = "<group>"; };
		2ECA9FD4231EB00800846CA2 /* RoundedButton.swift */ = {isa = PBXFileReference; lastKnownFileType = sourcecode.swift; path = RoundedButton.swift; sourceTree = "<group>"; };
		2ECA9FD7231EB04800846CA2 /* character */ = {isa = PBXFileReference; lastKnownFileType = folder; path = character; sourceTree = "<group>"; };
		2ECA9FD9231EB38D00846CA2 /* Extensions.swift */ = {isa = PBXFileReference; lastKnownFileType = sourcecode.swift; path = Extensions.swift; sourceTree = "<group>"; };
		2ECA9FDB231EB5F700846CA2 /* GoogleService-Info.plist */ = {isa = PBXFileReference; fileEncoding = 4; lastKnownFileType = text.plist.xml; path = "GoogleService-Info.plist"; sourceTree = "<group>"; };
		2ECA9FDE231EBCBA00846CA2 /* DownloadManager.swift */ = {isa = PBXFileReference; lastKnownFileType = sourcecode.swift; path = DownloadManager.swift; sourceTree = "<group>"; };
		4CFB6AA0CF3B514292A336F1 /* Pods_BlueAR_BodyDetection.framework */ = {isa = PBXFileReference; explicitFileType = wrapper.framework; includeInIndex = 0; path = Pods_BlueAR_BodyDetection.framework; sourceTree = BUILT_PRODUCTS_DIR; };
		5B6D2967BC68740A0DB1678D /* Pods-BlueAR-BodyDetection.debug.xcconfig */ = {isa = PBXFileReference; includeInIndex = 1; lastKnownFileType = text.xcconfig; name = "Pods-BlueAR-BodyDetection.debug.xcconfig"; path = "Target Support Files/Pods-BlueAR-BodyDetection/Pods-BlueAR-BodyDetection.debug.xcconfig"; sourceTree = "<group>"; };
		BFEB987BE7D08364B194083E /* Pods-BlueAR-BodyDetection.release.xcconfig */ = {isa = PBXFileReference; includeInIndex = 1; lastKnownFileType = text.xcconfig; name = "Pods-BlueAR-BodyDetection.release.xcconfig"; path = "Target Support Files/Pods-BlueAR-BodyDetection/Pods-BlueAR-BodyDetection.release.xcconfig"; sourceTree = "<group>"; };
/* End PBXFileReference section */

/* Begin PBXFrameworksBuildPhase section */
		2ECA9FBA231EAEF800846CA2 /* Frameworks */ = {
			isa = PBXFrameworksBuildPhase;
			buildActionMask = 2147483647;
			files = (
				185320BB31B111CA5DE526CB /* Pods_BlueAR_BodyDetection.framework in Frameworks */,
			);
			runOnlyForDeploymentPostprocessing = 0;
		};
/* End PBXFrameworksBuildPhase section */

/* Begin PBXGroup section */
		1B1644EEEE793268D43342B6 /* Frameworks */ = {
			isa = PBXGroup;
			children = (
				4CFB6AA0CF3B514292A336F1 /* Pods_BlueAR_BodyDetection.framework */,
			);
			name = Frameworks;
			sourceTree = "<group>";
		};
		2ECA9FB4231EAEF800846CA2 = {
			isa = PBXGroup;
			children = (
				2ECA9FBF231EAEF800846CA2 /* BlueAR-BodyDetection */,
				2ECA9FBE231EAEF800846CA2 /* Products */,
				7509C491449AF198ACED55EC /* Pods */,
				1B1644EEEE793268D43342B6 /* Frameworks */,
			);
			sourceTree = "<group>";
		};
		2ECA9FBE231EAEF800846CA2 /* Products */ = {
			isa = PBXGroup;
			children = (
				2ECA9FBD231EAEF800846CA2 /* BlueAR-BodyDetection.app */,
			);
			name = Products;
			sourceTree = "<group>";
		};
		2ECA9FBF231EAEF800846CA2 /* BlueAR-BodyDetection */ = {
			isa = PBXGroup;
			children = (
				2ECA9FDD231EBC9800846CA2 /* Utils */,
				2ECA9FD6231EB02000846CA2 /* CustomControls */,
				2ECA9FD7231EB04800846CA2 /* character */,
				2ECA9FC9231EAEF900846CA2 /* Assets.xcassets */,
				2ECA9FC0231EAEF800846CA2 /* AppDelegate.swift */,
				2ECA9FC2231EAEF800846CA2 /* ViewController.swift */,
				2ECA9FC6231EAEF800846CA2 /* Main.storyboard */,
				2ECA9FCB231EAEF900846CA2 /* LaunchScreen.storyboard */,
				2ECA9FCE231EAEF900846CA2 /* Info.plist */,
				2ECA9FDB231EB5F700846CA2 /* GoogleService-Info.plist */,
			);
			path = "BlueAR-BodyDetection";
			sourceTree = "<group>";
		};
		2ECA9FD6231EB02000846CA2 /* CustomControls */ = {
			isa = PBXGroup;
			children = (
				2ECA9FD4231EB00800846CA2 /* RoundedButton.swift */,
			);
			path = CustomControls;
			sourceTree = "<group>";
		};
		2ECA9FDD231EBC9800846CA2 /* Utils */ = {
			isa = PBXGroup;
			children = (
				2ECA9FD9231EB38D00846CA2 /* Extensions.swift */,
				2ECA9FDE231EBCBA00846CA2 /* DownloadManager.swift */,
			);
			path = Utils;
			sourceTree = "<group>";
		};
		7509C491449AF198ACED55EC /* Pods */ = {
			isa = PBXGroup;
			children = (
				5B6D2967BC68740A0DB1678D /* Pods-BlueAR-BodyDetection.debug.xcconfig */,
				BFEB987BE7D08364B194083E /* Pods-BlueAR-BodyDetection.release.xcconfig */,
			);
			path = Pods;
			sourceTree = "<group>";
		};
/* End PBXGroup section */

/* Begin PBXNativeTarget section */
		2ECA9FBC231EAEF800846CA2 /* BlueAR-BodyDetection */ = {
			isa = PBXNativeTarget;
			buildConfigurationList = 2ECA9FD1231EAEF900846CA2 /* Build configuration list for PBXNativeTarget "BlueAR-BodyDetection" */;
			buildPhases = (
				02B16D16E0A4B116C1F1150E /* [CP] Check Pods Manifest.lock */,
				2ECA9FB9231EAEF800846CA2 /* Sources */,
				2ECA9FBA231EAEF800846CA2 /* Frameworks */,
				2ECA9FBB231EAEF800846CA2 /* Resources */,
				E958F8155B414494D9A8C110 /* [CP] Embed Pods Frameworks */,
			);
			buildRules = (
			);
			dependencies = (
			);
			name = "BlueAR-BodyDetection";
			productName = "BlueAR-BodyDetection";
			productReference = 2ECA9FBD231EAEF800846CA2 /* BlueAR-BodyDetection.app */;
			productType = "com.apple.product-type.application";
		};
/* End PBXNativeTarget section */

/* Begin PBXProject section */
		2ECA9FB5231EAEF800846CA2 /* Project object */ = {
			isa = PBXProject;
			attributes = {
				LastSwiftUpdateCheck = 1100;
				LastUpgradeCheck = 1100;
				ORGANIZATIONNAME = "Hakan Karakaya";
				TargetAttributes = {
					2ECA9FBC231EAEF800846CA2 = {
						CreatedOnToolsVersion = 11.0;
					};
				};
			};
			buildConfigurationList = 2ECA9FB8231EAEF800846CA2 /* Build configuration list for PBXProject "BlueAR-BodyDetection" */;
			compatibilityVersion = "Xcode 9.3";
			developmentRegion = en;
			hasScannedForEncodings = 0;
			knownRegions = (
				en,
				Base,
			);
			mainGroup = 2ECA9FB4231EAEF800846CA2;
			productRefGroup = 2ECA9FBE231EAEF800846CA2 /* Products */;
			projectDirPath = "";
			projectRoot = "";
			targets = (
				2ECA9FBC231EAEF800846CA2 /* BlueAR-BodyDetection */,
			);
		};
/* End PBXProject section */

/* Begin PBXResourcesBuildPhase section */
		2ECA9FBB231EAEF800846CA2 /* Resources */ = {
			isa = PBXResourcesBuildPhase;
			buildActionMask = 2147483647;
			files = (
				2ECA9FCD231EAEF900846CA2 /* LaunchScreen.storyboard in Resources */,
				2ECA9FCA231EAEF900846CA2 /* Assets.xcassets in Resources */,
				2ECA9FDC231EB5F700846CA2 /* GoogleService-Info.plist in Resources */,
				2ECA9FD8231EB04800846CA2 /* character in Resources */,
				2ECA9FC8231EAEF800846CA2 /* Main.storyboard in Resources */,
			);
			runOnlyForDeploymentPostprocessing = 0;
		};
/* End PBXResourcesBuildPhase section */

/* Begin PBXShellScriptBuildPhase section */
		02B16D16E0A4B116C1F1150E /* [CP] Check Pods Manifest.lock */ = {
			isa = PBXShellScriptBuildPhase;
			buildActionMask = 2147483647;
			files = (
			);
			inputFileListPaths = (
			);
			inputPaths = (
				"${PODS_PODFILE_DIR_PATH}/Podfile.lock",
				"${PODS_ROOT}/Manifest.lock",
			);
			name = "[CP] Check Pods Manifest.lock";
			outputFileListPaths = (
			);
			outputPaths = (
				"$(DERIVED_FILE_DIR)/Pods-BlueAR-BodyDetection-checkManifestLockResult.txt",
			);
			runOnlyForDeploymentPostprocessing = 0;
			shellPath = /bin/sh;
			shellScript = "diff \"${PODS_PODFILE_DIR_PATH}/Podfile.lock\" \"${PODS_ROOT}/Manifest.lock\" > /dev/null\nif [ $? != 0 ] ; then\n    # print error to STDERR\n    echo \"error: The sandbox is not in sync with the Podfile.lock. Run 'pod install' or update your CocoaPods installation.\" >&2\n    exit 1\nfi\n# This output is used by Xcode 'outputs' to avoid re-running this script phase.\necho \"SUCCESS\" > \"${SCRIPT_OUTPUT_FILE_0}\"\n";
			showEnvVarsInLog = 0;
		};
		E958F8155B414494D9A8C110 /* [CP] Embed Pods Frameworks */ = {
			isa = PBXShellScriptBuildPhase;
			buildActionMask = 2147483647;
			files = (
			);
			inputFileListPaths = (
				"${PODS_ROOT}/Target Support Files/Pods-BlueAR-BodyDetection/Pods-BlueAR-BodyDetection-frameworks-${CONFIGURATION}-input-files.xcfilelist",
			);
			name = "[CP] Embed Pods Frameworks";
			outputFileListPaths = (
				"${PODS_ROOT}/Target Support Files/Pods-BlueAR-BodyDetection/Pods-BlueAR-BodyDetection-frameworks-${CONFIGURATION}-output-files.xcfilelist",
			);
			runOnlyForDeploymentPostprocessing = 0;
			shellPath = /bin/sh;
			shellScript = "\"${PODS_ROOT}/Target Support Files/Pods-BlueAR-BodyDetection/Pods-BlueAR-BodyDetection-frameworks.sh\"\n";
			showEnvVarsInLog = 0;
		};
/* End PBXShellScriptBuildPhase section */

/* Begin PBXSourcesBuildPhase section */
		2ECA9FB9231EAEF800846CA2 /* Sources */ = {
			isa = PBXSourcesBuildPhase;
			buildActionMask = 2147483647;
			files = (
				2ECA9FC3231EAEF800846CA2 /* ViewController.swift in Sources */,
				2ECA9FDF231EBCBA00846CA2 /* DownloadManager.swift in Sources */,
				2ECA9FD5231EB00800846CA2 /* RoundedButton.swift in Sources */,
				2ECA9FDA231EB38D00846CA2 /* Extensions.swift in Sources */,
				2ECA9FC1231EAEF800846CA2 /* AppDelegate.swift in Sources */,
			);
			runOnlyForDeploymentPostprocessing = 0;
		};
/* End PBXSourcesBuildPhase section */

/* Begin PBXVariantGroup section */
		2ECA9FC6231EAEF800846CA2 /* Main.storyboard */ = {
			isa = PBXVariantGroup;
			children = (
				2ECA9FC7231EAEF800846CA2 /* Base */,
			);
			name = Main.storyboard;
			sourceTree = "<group>";
		};
		2ECA9FCB231EAEF900846CA2 /* LaunchScreen.storyboard */ = {
			isa = PBXVariantGroup;
			children = (
				2ECA9FCC231EAEF900846CA2 /* Base */,
			);
			name = LaunchScreen.storyboard;
			sourceTree = "<group>";
		};
/* End PBXVariantGroup section */

/* Begin XCBuildConfiguration section */
		2ECA9FCF231EAEF900846CA2 /* Debug */ = {
			isa = XCBuildConfiguration;
			buildSettings = {
				ALWAYS_SEARCH_USER_PATHS = NO;
				CLANG_ANALYZER_NONNULL = YES;
				CLANG_ANALYZER_NUMBER_OBJECT_CONVERSION = YES_AGGRESSIVE;
				CLANG_CXX_LANGUAGE_STANDARD = "gnu++14";
				CLANG_CXX_LIBRARY = "libc++";
				CLANG_ENABLE_MODULES = YES;
				CLANG_ENABLE_OBJC_ARC = YES;
				CLANG_ENABLE_OBJC_WEAK = YES;
				CLANG_WARN_BLOCK_CAPTURE_AUTORELEASING = YES;
				CLANG_WARN_BOOL_CONVERSION = YES;
				CLANG_WARN_COMMA = YES;
				CLANG_WARN_CONSTANT_CONVERSION = YES;
				CLANG_WARN_DEPRECATED_OBJC_IMPLEMENTATIONS = YES;
				CLANG_WARN_DIRECT_OBJC_ISA_USAGE = YES_ERROR;
				CLANG_WARN_DOCUMENTATION_COMMENTS = YES;
				CLANG_WARN_EMPTY_BODY = YES;
				CLANG_WARN_ENUM_CONVERSION = YES;
				CLANG_WARN_INFINITE_RECURSION = YES;
				CLANG_WARN_INT_CONVERSION = YES;
				CLANG_WARN_NON_LITERAL_NULL_CONVERSION = YES;
				CLANG_WARN_OBJC_IMPLICIT_RETAIN_SELF = YES;
				CLANG_WARN_OBJC_LITERAL_CONVERSION = YES;
				CLANG_WARN_OBJC_ROOT_CLASS = YES_ERROR;
				CLANG_WARN_RANGE_LOOP_ANALYSIS = YES;
				CLANG_WARN_STRICT_PROTOTYPES = YES;
				CLANG_WARN_SUSPICIOUS_MOVE = YES;
				CLANG_WARN_UNGUARDED_AVAILABILITY = YES_AGGRESSIVE;
				CLANG_WARN_UNREACHABLE_CODE = YES;
				CLANG_WARN__DUPLICATE_METHOD_MATCH = YES;
				COPY_PHASE_STRIP = NO;
				DEBUG_INFORMATION_FORMAT = dwarf;
				ENABLE_STRICT_OBJC_MSGSEND = YES;
				ENABLE_TESTABILITY = YES;
				GCC_C_LANGUAGE_STANDARD = gnu11;
				GCC_DYNAMIC_NO_PIC = NO;
				GCC_NO_COMMON_BLOCKS = YES;
				GCC_OPTIMIZATION_LEVEL = 0;
				GCC_PREPROCESSOR_DEFINITIONS = (
					"DEBUG=1",
					"$(inherited)",
				);
				GCC_WARN_64_TO_32_BIT_CONVERSION = YES;
				GCC_WARN_ABOUT_RETURN_TYPE = YES_ERROR;
				GCC_WARN_UNDECLARED_SELECTOR = YES;
				GCC_WARN_UNINITIALIZED_AUTOS = YES_AGGRESSIVE;
				GCC_WARN_UNUSED_FUNCTION = YES;
				GCC_WARN_UNUSED_VARIABLE = YES;
				IPHONEOS_DEPLOYMENT_TARGET = 13.0;
				MTL_ENABLE_DEBUG_INFO = INCLUDE_SOURCE;
				MTL_FAST_MATH = YES;
				ONLY_ACTIVE_ARCH = YES;
				SDKROOT = iphoneos;
				SWIFT_ACTIVE_COMPILATION_CONDITIONS = DEBUG;
				SWIFT_OPTIMIZATION_LEVEL = "-Onone";
			};
			name = Debug;
		};
		2ECA9FD0231EAEF900846CA2 /* Release */ = {
			isa = XCBuildConfiguration;
			buildSettings = {
				ALWAYS_SEARCH_USER_PATHS = NO;
				CLANG_ANALYZER_NONNULL = YES;
				CLANG_ANALYZER_NUMBER_OBJECT_CONVERSION = YES_AGGRESSIVE;
				CLANG_CXX_LANGUAGE_STANDARD = "gnu++14";
				CLANG_CXX_LIBRARY = "libc++";
				CLANG_ENABLE_MODULES = YES;
				CLANG_ENABLE_OBJC_ARC = YES;
				CLANG_ENABLE_OBJC_WEAK = YES;
				CLANG_WARN_BLOCK_CAPTURE_AUTORELEASING = YES;
				CLANG_WARN_BOOL_CONVERSION = YES;
				CLANG_WARN_COMMA = YES;
				CLANG_WARN_CONSTANT_CONVERSION = YES;
				CLANG_WARN_DEPRECATED_OBJC_IMPLEMENTATIONS = YES;
				CLANG_WARN_DIRECT_OBJC_ISA_USAGE = YES_ERROR;
				CLANG_WARN_DOCUMENTATION_COMMENTS = YES;
				CLANG_WARN_EMPTY_BODY = YES;
				CLANG_WARN_ENUM_CONVERSION = YES;
				CLANG_WARN_INFINITE_RECURSION = YES;
				CLANG_WARN_INT_CONVERSION = YES;
				CLANG_WARN_NON_LITERAL_NULL_CONVERSION = YES;
				CLANG_WARN_OBJC_IMPLICIT_RETAIN_SELF = YES;
				CLANG_WARN_OBJC_LITERAL_CONVERSION = YES;
				CLANG_WARN_OBJC_ROOT_CLASS = YES_ERROR;
				CLANG_WARN_RANGE_LOOP_ANALYSIS = YES;
				CLANG_WARN_STRICT_PROTOTYPES = YES;
				CLANG_WARN_SUSPICIOUS_MOVE = YES;
				CLANG_WARN_UNGUARDED_AVAILABILITY = YES_AGGRESSIVE;
				CLANG_WARN_UNREACHABLE_CODE = YES;
				CLANG_WARN__DUPLICATE_METHOD_MATCH = YES;
				COPY_PHASE_STRIP = NO;
				DEBUG_INFORMATION_FORMAT = "dwarf-with-dsym";
				ENABLE_NS_ASSERTIONS = NO;
				ENABLE_STRICT_OBJC_MSGSEND = YES;
				GCC_C_LANGUAGE_STANDARD = gnu11;
				GCC_NO_COMMON_BLOCKS = YES;
				GCC_WARN_64_TO_32_BIT_CONVERSION = YES;
				GCC_WARN_ABOUT_RETURN_TYPE = YES_ERROR;
				GCC_WARN_UNDECLARED_SELECTOR = YES;
				GCC_WARN_UNINITIALIZED_AUTOS = YES_AGGRESSIVE;
				GCC_WARN_UNUSED_FUNCTION = YES;
				GCC_WARN_UNUSED_VARIABLE = YES;
				IPHONEOS_DEPLOYMENT_TARGET = 13.0;
				MTL_ENABLE_DEBUG_INFO = NO;
				MTL_FAST_MATH = YES;
				SDKROOT = iphoneos;
				SWIFT_COMPILATION_MODE = wholemodule;
				SWIFT_OPTIMIZATION_LEVEL = "-O";
				VALIDATE_PRODUCT = YES;
			};
			name = Release;
		};
		2ECA9FD2231EAEF900846CA2 /* Debug */ = {
			isa = XCBuildConfiguration;
			baseConfigurationReference = 5B6D2967BC68740A0DB1678D /* Pods-BlueAR-BodyDetection.debug.xcconfig */;
			buildSettings = {
				ASSETCATALOG_COMPILER_APPICON_NAME = AppIcon;
				CODE_SIGN_STYLE = Automatic;
				DEVELOPMENT_TEAM = BS488Y298Y;
				INFOPLIST_FILE = "BlueAR-BodyDetection/Info.plist";
				LD_RUNPATH_SEARCH_PATHS = (
					"$(inherited)",
					"@executable_path/Frameworks",
				);
				PRODUCT_BUNDLE_IDENTIFIER = com.blueeye.system;
				PRODUCT_NAME = "$(TARGET_NAME)";
				SWIFT_VERSION = 5.0;
				TARGETED_DEVICE_FAMILY = "1,2";
			};
			name = Debug;
		};
		2ECA9FD3231EAEF900846CA2 /* Release */ = {
			isa = XCBuildConfiguration;
			baseConfigurationReference = BFEB987BE7D08364B194083E /* Pods-BlueAR-BodyDetection.release.xcconfig */;
			buildSettings = {
				ASSETCATALOG_COMPILER_APPICON_NAME = AppIcon;
				CODE_SIGN_STYLE = Automatic;
				DEVELOPMENT_TEAM = BS488Y298Y;
				INFOPLIST_FILE = "BlueAR-BodyDetection/Info.plist";
				LD_RUNPATH_SEARCH_PATHS = (
					"$(inherited)",
					"@executable_path/Frameworks",
				);
				PRODUCT_BUNDLE_IDENTIFIER = com.blueeye.system;
				PRODUCT_NAME = "$(TARGET_NAME)";
				SWIFT_VERSION = 5.0;
				TARGETED_DEVICE_FAMILY = "1,2";
			};
			name = Release;
		};
/* End XCBuildConfiguration section */

/* Begin XCConfigurationList section */
		2ECA9FB8231EAEF800846CA2 /* Build configuration list for PBXProject "BlueAR-BodyDetection" */ = {
			isa = XCConfigurationList;
			buildConfigurations = (
				2ECA9FCF231EAEF900846CA2 /* Debug */,
				2ECA9FD0231EAEF900846CA2 /* Release */,
			);
			defaultConfigurationIsVisible = 0;
			defaultConfigurationName = Release;
		};
		2ECA9FD1231EAEF900846CA2 /* Build configuration list for PBXNativeTarget "BlueAR-BodyDetection" */ = {
			isa = XCConfigurationList;
			buildConfigurations = (
				2ECA9FD2231EAEF900846CA2 /* Debug */,
				2ECA9FD3231EAEF900846CA2 /* Release */,
			);
			defaultConfigurationIsVisible = 0;
			defaultConfigurationName = Release;
		};
/* End XCConfigurationList section */
	};
	rootObject = 2ECA9FB5231EAEF800846CA2 /* Project object */;
}
